
Microsoft Visual Studio Solution File, Format Version 12.00
# Visual Studio Version 17
VisualStudioVersion = 17.7.34031.279
MinimumVisualStudioVersion = 10.0.40219.1
Project("{FAE04EC0-301F-11D3-BF4B-00C04F79EFBC}") = "CoffeeShopManagement", "BaoCaoCuoiKy\CoffeeShopManagement.csproj", "{846A09DC-E31B-42DC-8386-80007AAEF01A}"
EndProject
Global
	GlobalSection(SolutionConfigurationPlatforms) = preSolution
		Debug|Any CPU = Debug|Any CPU
		Release|Any CPU = Release|Any CPU
	EndGlobalSection
	GlobalSection(ProjectConfigurationPlatforms) = postSolution
		{846A09DC-E31B-42DC-8386-80007AAEF01A}.Debug|Any CPU.ActiveCfg = Debug|Any CPU
		{846A09DC-E31B-42DC-8386-80007AAEF01A}.Debug|Any CPU.Build.0 = Debug|Any CPU
		{846A09DC-E31B-42DC-8386-80007AAEF01A}.Release|Any CPU.ActiveCfg = Release|Any CPU
		{846A09DC-E31B-42DC-8386-80007AAEF01A}.Release|Any CPU.Build.0 = Release|Any CPU
	EndGlobalSection
	GlobalSection(SolutionProperties) = preSolution
		HideSolutionNode = FALSE
	EndGlobalSection
	GlobalSection(ExtensibilityGlobals) = postSolution
		SolutionGuid = {C813D682-723C-4D4E-9A0E-65DB77133C03}
	EndGlobalSection
EndGlobal
